# This file is autogenerated, do not edit; changes may be undone by the next 'dep ensure'.


[[projects]]
  branch = "file_reader_func"
  digest = "1:6df3f74dc43c2720c1f50bb1d3773bbedb80eb61f593ea39b10441c55fbb8446"
  name = "github.com/devopsfaith/krakend"
  packages = [
    "config",
    "encoding",
    "register",
    "register/internal",
  ]
  pruneopts = "UT"
  revision = "ce29940c69112fcf6dbc324ee5499546deee53d3"

[solve-meta]
  analyzer-name = "dep"
  analyzer-version = 1
  input-imports = ["github.com/devopsfaith/krakend/config"]
  solver-name = "gps-cdcl"
  solver-version = 1
